
Microsoft Visual Studio Solution File, Format Version 12.00
# Visual Studio 15
VisualStudioVersion = 15.0.26124.0
MinimumVisualStudioVersion = 15.0.26124.0
Project("{2150E333-8FDC-42A3-9474-1A3956D46DE8}") = "src", "src", "{5310624F-096A-4A62-B2FA-419C5FCCFBB2}"
EndProject
Project("{FAE04EC0-301F-11D3-BF4B-00C04F79EFBC}") = "PalTracker", "src\PalTracker\PalTracker.csproj", "{D61AEED0-769A-4D37-85BA-B50FE2EA4BD7}"
EndProject
Project("{2150E333-8FDC-42A3-9474-1A3956D46DE8}") = "test", "test", "{9BA1DC1D-780E-4DF9-A8CE-879F240FB1CF}"
EndProject
Project("{FAE04EC0-301F-11D3-BF4B-00C04F79EFBC}") = "PalTrackerTests", "test\PalTrackerTests\PalTrackerTests.csproj", "{7FD6D8C6-1785-4FC5-A771-92E8D0CE4527}"
EndProject
Global
	GlobalSection(SolutionConfigurationPlatforms) = preSolution
		Debug|Any CPU = Debug|Any CPU
		Debug|x64 = Debug|x64
		Debug|x86 = Debug|x86
		Release|Any CPU = Release|Any CPU
		Release|x64 = Release|x64
		Release|x86 = Release|x86
	EndGlobalSection
	GlobalSection(SolutionProperties) = preSolution
		HideSolutionNode = FALSE
	EndGlobalSection
	GlobalSection(ProjectConfigurationPlatforms) = postSolution
		{D61AEED0-769A-4D37-85BA-B50FE2EA4BD7}.Debug|Any CPU.ActiveCfg = Debug|Any CPU
		{D61AEED0-769A-4D37-85BA-B50FE2EA4BD7}.Debug|Any CPU.Build.0 = Debug|Any CPU
		{D61AEED0-769A-4D37-85BA-B50FE2EA4BD7}.Debug|x64.ActiveCfg = Debug|Any CPU
		{D61AEED0-769A-4D37-85BA-B50FE2EA4BD7}.Debug|x64.Build.0 = Debug|Any CPU
		{D61AEED0-769A-4D37-85BA-B50FE2EA4BD7}.Debug|x86.ActiveCfg = Debug|Any CPU
		{D61AEED0-769A-4D37-85BA-B50FE2EA4BD7}.Debug|x86.Build.0 = Debug|Any CPU
		{D61AEED0-769A-4D37-85BA-B50FE2EA4BD7}.Release|Any CPU.ActiveCfg = Release|Any CPU
		{D61AEED0-769A-4D37-85BA-B50FE2EA4BD7}.Release|Any CPU.Build.0 = Release|Any CPU
		{D61AEED0-769A-4D37-85BA-B50FE2EA4BD7}.Release|x64.ActiveCfg = Release|Any CPU
		{D61AEED0-769A-4D37-85BA-B50FE2EA4BD7}.Release|x64.Build.0 = Release|Any CPU
		{D61AEED0-769A-4D37-85BA-B50FE2EA4BD7}.Release|x86.ActiveCfg = Release|Any CPU
		{D61AEED0-769A-4D37-85BA-B50FE2EA4BD7}.Release|x86.Build.0 = Release|Any CPU
		{7FD6D8C6-1785-4FC5-A771-92E8D0CE4527}.Debug|Any CPU.ActiveCfg = Debug|Any CPU
		{7FD6D8C6-1785-4FC5-A771-92E8D0CE4527}.Debug|Any CPU.Build.0 = Debug|Any CPU
		{7FD6D8C6-1785-4FC5-A771-92E8D0CE4527}.Debug|x64.ActiveCfg = Debug|Any CPU
		{7FD6D8C6-1785-4FC5-A771-92E8D0CE4527}.Debug|x64.Build.0 = Debug|Any CPU
		{7FD6D8C6-1785-4FC5-A771-92E8D0CE4527}.Debug|x86.ActiveCfg = Debug|Any CPU
		{7FD6D8C6-1785-4FC5-A771-92E8D0CE4527}.Debug|x86.Build.0 = Debug|Any CPU
		{7FD6D8C6-1785-4FC5-A771-92E8D0CE4527}.Release|Any CPU.ActiveCfg = Release|Any CPU
		{7FD6D8C6-1785-4FC5-A771-92E8D0CE4527}.Release|Any CPU.Build.0 = Release|Any CPU
		{7FD6D8C6-1785-4FC5-A771-92E8D0CE4527}.Release|x64.ActiveCfg = Release|Any CPU
		{7FD6D8C6-1785-4FC5-A771-92E8D0CE4527}.Release|x64.Build.0 = Release|Any CPU
		{7FD6D8C6-1785-4FC5-A771-92E8D0CE4527}.Release|x86.ActiveCfg = Release|Any CPU
		{7FD6D8C6-1785-4FC5-A771-92E8D0CE4527}.Release|x86.Build.0 = Release|Any CPU
	EndGlobalSection
	GlobalSection(NestedProjects) = preSolution
		{D61AEED0-769A-4D37-85BA-B50FE2EA4BD7} = {5310624F-096A-4A62-B2FA-419C5FCCFBB2}
		{7FD6D8C6-1785-4FC5-A771-92E8D0CE4527} = {9BA1DC1D-780E-4DF9-A8CE-879F240FB1CF}
	EndGlobalSection
EndGlobal
